
Microsoft Visual Studio Solution File, Format Version 12.00
# Visual Studio 2013
VisualStudioVersion = 12.0.21005.1
MinimumVisualStudioVersion = 10.0.40219.1
Project("{F184B08F-C81C-45F6-A57F-5ABD9991F28F}") = "campusmap", "campusmap\campusmap.vbproj", "{9543A2D7-E51E-42B5-963C-82CAB0000FEE}"
EndProject
Project("{F184B08F-C81C-45F6-A57F-5ABD9991F28F}") = "campusExpl", "..\..\campusmap\campusmap\campusExpl.vbproj", "{B36F52F6-59C0-46AA-A10C-C65D287E7104}"
EndProject
Global
	GlobalSection(SolutionConfigurationPlatforms) = preSolution
		Debug|Any CPU = Debug|Any CPU
		Release|Any CPU = Release|Any CPU
	EndGlobalSection
	GlobalSection(ProjectConfigurationPlatforms) = postSolution
		{9543A2D7-E51E-42B5-963C-82CAB0000FEE}.Debug|Any CPU.ActiveCfg = Debug|Any CPU
		{9543A2D7-E51E-42B5-963C-82CAB0000FEE}.Debug|Any CPU.Build.0 = Debug|Any CPU
		{9543A2D7-E51E-42B5-963C-82CAB0000FEE}.Release|Any CPU.ActiveCfg = Release|Any CPU
		{9543A2D7-E51E-42B5-963C-82CAB0000FEE}.Release|Any CPU.Build.0 = Release|Any CPU
		{B36F52F6-59C0-46AA-A10C-C65D287E7104}.Debug|Any CPU.ActiveCfg = Debug|Any CPU
		{B36F52F6-59C0-46AA-A10C-C65D287E7104}.Debug|Any CPU.Build.0 = Debug|Any CPU
		{B36F52F6-59C0-46AA-A10C-C65D287E7104}.Release|Any CPU.ActiveCfg = Release|Any CPU
		{B36F52F6-59C0-46AA-A10C-C65D287E7104}.Release|Any CPU.Build.0 = Release|Any CPU
	EndGlobalSection
	GlobalSection(SolutionProperties) = preSolution
		HideSolutionNode = FALSE
	EndGlobalSection
EndGlobal
